
Microsoft Visual Studio Solution File, Format Version 12.00
# Visual Studio 15
VisualStudioVersion = 15.0.28010.2003
MinimumVisualStudioVersion = 10.0.40219.1
Project("{FAE04EC0-301F-11D3-BF4B-00C04F79EFBC}") = "InlamningsuppgiftOOAD", "InlamningsuppgiftOOAD\InlamningsuppgiftOOAD.csproj", "{BD0A0E5C-736D-479A-A2B6-CC4A016674A0}"
EndProject
Project("{FAE04EC0-301F-11D3-BF4B-00C04F79EFBC}") = "PersonHolder", "PersonHolder\PersonHolder.csproj", "{64EE43D6-D38E-46B4-A478-A74C68688FA4}"
EndProject
Project("{FAE04EC0-301F-11D3-BF4B-00C04F79EFBC}") = "UnitTesting", "UnitTesting\UnitTesting.csproj", "{2EC11120-0214-46EC-849F-8D77D0971B5E}"
EndProject
Global
	GlobalSection(SolutionConfigurationPlatforms) = preSolution
		Debug|Any CPU = Debug|Any CPU
		Release|Any CPU = Release|Any CPU
	EndGlobalSection
	GlobalSection(ProjectConfigurationPlatforms) = postSolution
		{BD0A0E5C-736D-479A-A2B6-CC4A016674A0}.Debug|Any CPU.ActiveCfg = Debug|Any CPU
		{BD0A0E5C-736D-479A-A2B6-CC4A016674A0}.Debug|Any CPU.Build.0 = Debug|Any CPU
		{BD0A0E5C-736D-479A-A2B6-CC4A016674A0}.Release|Any CPU.ActiveCfg = Release|Any CPU
		{BD0A0E5C-736D-479A-A2B6-CC4A016674A0}.Release|Any CPU.Build.0 = Release|Any CPU
		{64EE43D6-D38E-46B4-A478-A74C68688FA4}.Debug|Any CPU.ActiveCfg = Debug|Any CPU
		{64EE43D6-D38E-46B4-A478-A74C68688FA4}.Debug|Any CPU.Build.0 = Debug|Any CPU
		{64EE43D6-D38E-46B4-A478-A74C68688FA4}.Release|Any CPU.ActiveCfg = Release|Any CPU
		{64EE43D6-D38E-46B4-A478-A74C68688FA4}.Release|Any CPU.Build.0 = Release|Any CPU
		{2EC11120-0214-46EC-849F-8D77D0971B5E}.Debug|Any CPU.ActiveCfg = Debug|Any CPU
		{2EC11120-0214-46EC-849F-8D77D0971B5E}.Debug|Any CPU.Build.0 = Debug|Any CPU
		{2EC11120-0214-46EC-849F-8D77D0971B5E}.Release|Any CPU.ActiveCfg = Release|Any CPU
		{2EC11120-0214-46EC-849F-8D77D0971B5E}.Release|Any CPU.Build.0 = Release|Any CPU
	EndGlobalSection
	GlobalSection(SolutionProperties) = preSolution
		HideSolutionNode = FALSE
	EndGlobalSection
	GlobalSection(ExtensibilityGlobals) = postSolution
		SolutionGuid = {9E8EC1BD-10F0-4301-A9BD-C3E056DC575C}
	EndGlobalSection
EndGlobal
